// !$*UTF8*$!
{
	archiveVersion = 1;
	classes = {
	};
	objectVersion = 46;
	objects = {

/* Begin PBXBuildFile section */
		4844D7DB1CD3E66500F41893 /* MonitorViewController.swift in Sources */ = {isa = PBXBuildFile; fileRef = 4844D7DA1CD3E66500F41893 /* MonitorViewController.swift */; };
		697780CA1CD7DA30003BE75A /* Deploy.swift in Sources */ = {isa = PBXBuildFile; fileRef = 697780C91CD7DA30003BE75A /* Deploy.swift */; };
		69CEEFD31CC996C3003C986A /* AppDelegate.swift in Sources */ = {isa = PBXBuildFile; fileRef = 69CEEFD21CC996C3003C986A /* AppDelegate.swift */; };
		69CEEFD51CC996C3003C986A /* ViewController.swift in Sources */ = {isa = PBXBuildFile; fileRef = 69CEEFD41CC996C3003C986A /* ViewController.swift */; };
		69CEEFD81CC996C3003C986A /* Main.storyboard in Resources */ = {isa = PBXBuildFile; fileRef = 69CEEFD61CC996C3003C986A /* Main.storyboard */; };
		69CEEFDA1CC996C3003C986A /* Assets.xcassets in Resources */ = {isa = PBXBuildFile; fileRef = 69CEEFD91CC996C3003C986A /* Assets.xcassets */; };
		69CEEFDD1CC996C3003C986A /* LaunchScreen.storyboard in Resources */ = {isa = PBXBuildFile; fileRef = 69CEEFDB1CC996C3003C986A /* LaunchScreen.storyboard */; };
		69F6666C1CD2FD8700C90A98 /* RegisterTree.swift in Sources */ = {isa = PBXBuildFile; fileRef = 69F6666B1CD2FD8700C90A98 /* RegisterTree.swift */; };
		69F6666E1CD2FDB000C90A98 /* RegisterSensor.swift in Sources */ = {isa = PBXBuildFile; fileRef = 69F6666D1CD2FDB000C90A98 /* RegisterSensor.swift */; };
		A1280F161CCFFEE90012D0DB /* MaintenanceTableViewController.swift in Sources */ = {isa = PBXBuildFile; fileRef = A1280F151CCFFEE90012D0DB /* MaintenanceTableViewController.swift */; };
		A1280F1B1CD00D8E0012D0DB /* MaintenanceRecords.swift in Sources */ = {isa = PBXBuildFile; fileRef = A1280F1A1CD00D8E0012D0DB /* MaintenanceRecords.swift */; };
		A1280F1D1CD00DF70012D0DB /* SmartThings.swift in Sources */ = {isa = PBXBuildFile; fileRef = A1280F1C1CD00DF70012D0DB /* SmartThings.swift */; };
		A1280F291CD0552B0012D0DB /* Bolts.framework in Frameworks */ = {isa = PBXBuildFile; fileRef = A1280F271CD0552B0012D0DB /* Bolts.framework */; };
		A1280F2A1CD0552B0012D0DB /* Parse.framework in Frameworks */ = {isa = PBXBuildFile; fileRef = A1280F281CD0552B0012D0DB /* Parse.framework */; };
		A1280F341CD055BE0012D0DB /* AudioToolbox.framework in Frameworks */ = {isa = PBXBuildFile; fileRef = A1280F2B1CD055BE0012D0DB /* AudioToolbox.framework */; };
		A1280F351CD055BE0012D0DB /* CFNetwork.framework in Frameworks */ = {isa = PBXBuildFile; fileRef = A1280F2C1CD055BE0012D0DB /* CFNetwork.framework */; };
		A1280F361CD055BE0012D0DB /* CoreGraphics.framework in Frameworks */ = {isa = PBXBuildFile; fileRef = A1280F2D1CD055BE0012D0DB /* CoreGraphics.framework */; };
		A1280F371CD055BE0012D0DB /* libsqlite3.tbd in Frameworks */ = {isa = PBXBuildFile; fileRef = A1280F2E1CD055BE0012D0DB /* libsqlite3.tbd */; };
		A1280F381CD055BE0012D0DB /* libz.tbd in Frameworks */ = {isa = PBXBuildFile; fileRef = A1280F2F1CD055BE0012D0DB /* libz.tbd */; };
		A1280F391CD055BE0012D0DB /* QuartzCore.framework in Frameworks */ = {isa = PBXBuildFile; fileRef = A1280F301CD055BE0012D0DB /* QuartzCore.framework */; };
		A1280F3A1CD055BE0012D0DB /* Security.framework in Frameworks */ = {isa = PBXBuildFile; fileRef = A1280F311CD055BE0012D0DB /* Security.framework */; };
		A1280F3B1CD055BE0012D0DB /* StoreKit.framework in Frameworks */ = {isa = PBXBuildFile; fileRef = A1280F321CD055BE0012D0DB /* StoreKit.framework */; };
		A1280F3C1CD055BE0012D0DB /* SystemConfiguration.framework in Frameworks */ = {isa = PBXBuildFile; fileRef = A1280F331CD055BE0012D0DB /* SystemConfiguration.framework */; };
		A1280F3E1CD05A110012D0DB /* MaintenanceTableViewCell.swift in Sources */ = {isa = PBXBuildFile; fileRef = A1280F3D1CD05A110012D0DB /* MaintenanceTableViewCell.swift */; };
		A1C0B9B81CD14B6C00B2892D /* MaintenanceDetailViewController.swift in Sources */ = {isa = PBXBuildFile; fileRef = A1C0B9B71CD14B6C00B2892D /* MaintenanceDetailViewController.swift */; };
/* End PBXBuildFile section */

/* Begin PBXFileReference section */
		4844D7DA1CD3E66500F41893 /* MonitorViewController.swift */ = {isa = PBXFileReference; fileEncoding = 4; lastKnownFileType = sourcecode.swift; name = MonitorViewController.swift; path = ../MonitorViewController.swift; sourceTree = "<group>"; };
		697780C91CD7DA30003BE75A /* Deploy.swift */ = {isa = PBXFileReference; fileEncoding = 4; lastKnownFileType = sourcecode.swift; path = Deploy.swift; sourceTree = "<group>"; };
		69CEEFCF1CC996C3003C986A /* SmartStreetAdmin.app */ = {isa = PBXFileReference; explicitFileType = wrapper.application; includeInIndex = 0; path = SmartStreetAdmin.app; sourceTree = BUILT_PRODUCTS_DIR; };
		69CEEFD21CC996C3003C986A /* AppDelegate.swift */ = {isa = PBXFileReference; lastKnownFileType = sourcecode.swift; path = AppDelegate.swift; sourceTree = "<group>"; };
		69CEEFD41CC996C3003C986A /* ViewController.swift */ = {isa = PBXFileReference; lastKnownFileType = sourcecode.swift; path = ViewController.swift; sourceTree = "<group>"; };
		69CEEFD71CC996C3003C986A /* Base */ = {isa = PBXFileReference; lastKnownFileType = file.storyboard; name = Base; path = Base.lproj/Main.storyboard; sourceTree = "<group>"; };
		69CEEFD91CC996C3003C986A /* Assets.xcassets */ = {isa = PBXFileReference; lastKnownFileType = folder.assetcatalog; path = Assets.xcassets; sourceTree = "<group>"; };
		69CEEFDC1CC996C3003C986A /* Base */ = {isa = PBXFileReference; lastKnownFileType = file.storyboard; name = Base; path = Base.lproj/LaunchScreen.storyboard; sourceTree = "<group>"; };
		69CEEFDE1CC996C3003C986A /* Info.plist */ = {isa = PBXFileReference; lastKnownFileType = text.plist.xml; path = Info.plist; sourceTree = "<group>"; };
		69F6666B1CD2FD8700C90A98 /* RegisterTree.swift */ = {isa = PBXFileReference; fileEncoding = 4; lastKnownFileType = sourcecode.swift; path = RegisterTree.swift; sourceTree = "<group>"; };
		69F6666D1CD2FDB000C90A98 /* RegisterSensor.swift */ = {isa = PBXFileReference; fileEncoding = 4; lastKnownFileType = sourcecode.swift; path = RegisterSensor.swift; sourceTree = "<group>"; };
		A1280F151CCFFEE90012D0DB /* MaintenanceTableViewController.swift */ = {isa = PBXFileReference; fileEncoding = 4; lastKnownFileType = sourcecode.swift; path = MaintenanceTableViewController.swift; sourceTree = "<group>"; };
		A1280F1A1CD00D8E0012D0DB /* MaintenanceRecords.swift */ = {isa = PBXFileReference; fileEncoding = 4; lastKnownFileType = sourcecode.swift; path = MaintenanceRecords.swift; sourceTree = "<group>"; };
		A1280F1C1CD00DF70012D0DB /* SmartThings.swift */ = {isa = PBXFileReference; fileEncoding = 4; lastKnownFileType = sourcecode.swift; path = SmartThings.swift; sourceTree = "<group>"; };
		A1280F271CD0552B0012D0DB /* Bolts.framework */ = {isa = PBXFileReference; lastKnownFileType = wrapper.framework; path = Bolts.framework; sourceTree = "<group>"; };
		A1280F281CD0552B0012D0DB /* Parse.framework */ = {isa = PBXFileReference; lastKnownFileType = wrapper.framework; path = Parse.framework; sourceTree = "<group>"; };
		A1280F2B1CD055BE0012D0DB /* AudioToolbox.framework */ = {isa = PBXFileReference; lastKnownFileType = wrapper.framework; name = AudioToolbox.framework; path = System/Library/Frameworks/AudioToolbox.framework; sourceTree = SDKROOT; };
		A1280F2C1CD055BE0012D0DB /* CFNetwork.framework */ = {isa = PBXFileReference; lastKnownFileType = wrapper.framework; name = CFNetwork.framework; path = System/Library/Frameworks/CFNetwork.framework; sourceTree = SDKROOT; };
		A1280F2D1CD055BE0012D0DB /* CoreGraphics.framework */ = {isa = PBXFileReference; lastKnownFileType = wrapper.framework; name = CoreGraphics.framework; path = System/Library/Frameworks/CoreGraphics.framework; sourceTree = SDKROOT; };
		A1280F2E1CD055BE0012D0DB /* libsqlite3.tbd */ = {isa = PBXFileReference; lastKnownFileType = "sourcecode.text-based-dylib-definition"; name = libsqlite3.tbd; path = usr/lib/libsqlite3.tbd; sourceTree = SDKROOT; };
		A1280F2F1CD055BE0012D0DB /* libz.tbd */ = {isa = PBXFileReference; lastKnownFileType = "sourcecode.text-based-dylib-definition"; name = libz.tbd; path = usr/lib/libz.tbd; sourceTree = SDKROOT; };
		A1280F301CD055BE0012D0DB /* QuartzCore.framework */ = {isa = PBXFileReference; lastKnownFileType = wrapper.framework; name = QuartzCore.framework; path = System/Library/Frameworks/QuartzCore.framework; sourceTree = SDKROOT; };
		A1280F311CD055BE0012D0DB /* Security.framework */ = {isa = PBXFileReference; lastKnownFileType = wrapper.framework; name = Security.framework; path = System/Library/Frameworks/Security.framework; sourceTree = SDKROOT; };
		A1280F321CD055BE0012D0DB /* StoreKit.framework */ = {isa = PBXFileReference; lastKnownFileType = wrapper.framework; name = StoreKit.framework; path = System/Library/Frameworks/StoreKit.framework; sourceTree = SDKROOT; };
		A1280F331CD055BE0012D0DB /* SystemConfiguration.framework */ = {isa = PBXFileReference; lastKnownFileType = wrapper.framework; name = SystemConfiguration.framework; path = System/Library/Frameworks/SystemConfiguration.framework; sourceTree = SDKROOT; };
		A1280F3D1CD05A110012D0DB /* MaintenanceTableViewCell.swift */ = {isa = PBXFileReference; fileEncoding = 4; lastKnownFileType = sourcecode.swift; path = MaintenanceTableViewCell.swift; sourceTree = "<group>"; };
		A1C0B9B71CD14B6C00B2892D /* MaintenanceDetailViewController.swift */ = {isa = PBXFileReference; fileEncoding = 4; lastKnownFileType = sourcecode.swift; path = MaintenanceDetailViewController.swift; sourceTree = "<group>"; };
/* End PBXFileReference section */

/* Begin PBXFrameworksBuildPhase section */
		69CEEFCC1CC996C3003C986A /* Frameworks */ = {
			isa = PBXFrameworksBuildPhase;
			buildActionMask = 2147483647;
			files = (
				A1280F341CD055BE0012D0DB /* AudioToolbox.framework in Frameworks */,
				A1280F351CD055BE0012D0DB /* CFNetwork.framework in Frameworks */,
				A1280F361CD055BE0012D0DB /* CoreGraphics.framework in Frameworks */,
				A1280F371CD055BE0012D0DB /* libsqlite3.tbd in Frameworks */,
				A1280F381CD055BE0012D0DB /* libz.tbd in Frameworks */,
				A1280F391CD055BE0012D0DB /* QuartzCore.framework in Frameworks */,
				A1280F3A1CD055BE0012D0DB /* Security.framework in Frameworks */,
				A1280F3B1CD055BE0012D0DB /* StoreKit.framework in Frameworks */,
				A1280F3C1CD055BE0012D0DB /* SystemConfiguration.framework in Frameworks */,
				A1280F2A1CD0552B0012D0DB /* Parse.framework in Frameworks */,
				A1280F291CD0552B0012D0DB /* Bolts.framework in Frameworks */,
			);
			runOnlyForDeploymentPostprocessing = 0;
		};
/* End PBXFrameworksBuildPhase section */

/* Begin PBXGroup section */
		69CEEFC61CC996C3003C986A = {
			isa = PBXGroup;
			children = (
				A1280F221CD054D50012D0DB /* Frameworks */,
				69CEEFD11CC996C3003C986A /* SmartStreetAdmin */,
				69CEEFD01CC996C3003C986A /* Products */,
			);
			sourceTree = "<group>";
		};
		69CEEFD01CC996C3003C986A /* Products */ = {
			isa = PBXGroup;
			children = (
				69CEEFCF1CC996C3003C986A /* SmartStreetAdmin.app */,
			);
			name = Products;
			sourceTree = "<group>";
		};
		69CEEFD11CC996C3003C986A /* SmartStreetAdmin */ = {
			isa = PBXGroup;
			children = (
				69F6666A1CD2FD6A00C90A98 /* Registration */,
				A1280F171CD000110012D0DB /* Model */,
				A1280F141CCFFD000012D0DB /* Maintenance */,
				69CEEFD21CC996C3003C986A /* AppDelegate.swift */,
				69F6666B1CD2FD8700C90A98 /* RegisterTree.swift */,
				69F6666D1CD2FDB000C90A98 /* RegisterSensor.swift */,
				69CEEFD41CC996C3003C986A /* ViewController.swift */,
				69CEEFD61CC996C3003C986A /* Main.storyboard */,
				697780C91CD7DA30003BE75A /* Deploy.swift */,
				69CEEFD91CC996C3003C986A /* Assets.xcassets */,
				69CEEFDB1CC996C3003C986A /* LaunchScreen.storyboard */,
				69CEEFDE1CC996C3003C986A /* Info.plist */,
			);
			path = SmartStreetAdmin;
			sourceTree = "<group>";
		};
		69F6666A1CD2FD6A00C90A98 /* Registration */ = {
			isa = PBXGroup;
			children = (
			);
			name = Registration;
			sourceTree = "<group>";
		};
		A1280F141CCFFD000012D0DB /* Maintenance */ = {
			isa = PBXGroup;
			children = (
				4844D7DA1CD3E66500F41893 /* MonitorViewController.swift */,
				A1280F1A1CD00D8E0012D0DB /* MaintenanceRecords.swift */,
				A1280F151CCFFEE90012D0DB /* MaintenanceTableViewController.swift */,
				A1280F3D1CD05A110012D0DB /* MaintenanceTableViewCell.swift */,
				A1C0B9B71CD14B6C00B2892D /* MaintenanceDetailViewController.swift */,
			);
			name = Maintenance;
			sourceTree = "<group>";
		};
		A1280F171CD000110012D0DB /* Model */ = {
			isa = PBXGroup;
			children = (
				A1280F1C1CD00DF70012D0DB /* SmartThings.swift */,
			);
			name = Model;
			sourceTree = "<group>";
		};
		A1280F221CD054D50012D0DB /* Frameworks */ = {
			isa = PBXGroup;
			children = (
				A1280F2B1CD055BE0012D0DB /* AudioToolbox.framework */,
				A1280F2C1CD055BE0012D0DB /* CFNetwork.framework */,
				A1280F2D1CD055BE0012D0DB /* CoreGraphics.framework */,
				A1280F2E1CD055BE0012D0DB /* libsqlite3.tbd */,
				A1280F2F1CD055BE0012D0DB /* libz.tbd */,
				A1280F301CD055BE0012D0DB /* QuartzCore.framework */,
				A1280F311CD055BE0012D0DB /* Security.framework */,
				A1280F321CD055BE0012D0DB /* StoreKit.framework */,
				A1280F331CD055BE0012D0DB /* SystemConfiguration.framework */,
				A1280F271CD0552B0012D0DB /* Bolts.framework */,
				A1280F281CD0552B0012D0DB /* Parse.framework */,
			);
			name = Frameworks;
			sourceTree = "<group>";
		};
/* End PBXGroup section */

/* Begin PBXNativeTarget section */
		69CEEFCE1CC996C3003C986A /* SmartStreetAdmin */ = {
			isa = PBXNativeTarget;
			buildConfigurationList = 69CEEFE11CC996C3003C986A /* Build configuration list for PBXNativeTarget "SmartStreetAdmin" */;
			buildPhases = (
				69CEEFCB1CC996C3003C986A /* Sources */,
				69CEEFCC1CC996C3003C986A /* Frameworks */,
				69CEEFCD1CC996C3003C986A /* Resources */,
			);
			buildRules = (
			);
			dependencies = (
			);
			name = SmartStreetAdmin;
			productName = SmartStreetAdmin;
			productReference = 69CEEFCF1CC996C3003C986A /* SmartStreetAdmin.app */;
			productType = "com.apple.product-type.application";
		};
/* End PBXNativeTarget section */

/* Begin PBXProject section */
		69CEEFC71CC996C3003C986A /* Project object */ = {
			isa = PBXProject;
			attributes = {
				LastSwiftUpdateCheck = 0720;
				LastUpgradeCheck = 0720;
				ORGANIZATIONNAME = "Anhad S Bhasin";
				TargetAttributes = {
					69CEEFCE1CC996C3003C986A = {
						CreatedOnToolsVersion = 7.2.1;
					};
				};
			};
			buildConfigurationList = 69CEEFCA1CC996C3003C986A /* Build configuration list for PBXProject "SmartStreetAdmin" */;
			compatibilityVersion = "Xcode 3.2";
			developmentRegion = English;
			hasScannedForEncodings = 0;
			knownRegions = (
				en,
				Base,
			);
			mainGroup = 69CEEFC61CC996C3003C986A;
			productRefGroup = 69CEEFD01CC996C3003C986A /* Products */;
			projectDirPath = "";
			projectRoot = "";
			targets = (
				69CEEFCE1CC996C3003C986A /* SmartStreetAdmin */,
			);
		};
/* End PBXProject section */

/* Begin PBXResourcesBuildPhase section */
		69CEEFCD1CC996C3003C986A /* Resources */ = {
			isa = PBXResourcesBuildPhase;
			buildActionMask = 2147483647;
			files = (
				69CEEFDD1CC996C3003C986A /* LaunchScreen.storyboard in Resources */,
				69CEEFDA1CC996C3003C986A /* Assets.xcassets in Resources */,
				69CEEFD81CC996C3003C986A /* Main.storyboard in Resources */,
			);
			runOnlyForDeploymentPostprocessing = 0;
		};
/* End PBXResourcesBuildPhase section */

/* Begin PBXSourcesBuildPhase section */
		69CEEFCB1CC996C3003C986A /* Sources */ = {
			isa = PBXSourcesBuildPhase;
			buildActionMask = 2147483647;
			files = (
				A1280F1B1CD00D8E0012D0DB /* MaintenanceRecords.swift in Sources */,
				69F6666E1CD2FDB000C90A98 /* RegisterSensor.swift in Sources */,
				A1280F161CCFFEE90012D0DB /* MaintenanceTableViewController.swift in Sources */,
				A1C0B9B81CD14B6C00B2892D /* MaintenanceDetailViewController.swift in Sources */,
				69CEEFD51CC996C3003C986A /* ViewController.swift in Sources */,
				A1280F1D1CD00DF70012D0DB /* SmartThings.swift in Sources */,
				69F6666C1CD2FD8700C90A98 /* RegisterTree.swift in Sources */,
				4844D7DB1CD3E66500F41893 /* MonitorViewController.swift in Sources */,
				697780CA1CD7DA30003BE75A /* Deploy.swift in Sources */,
				69CEEFD31CC996C3003C986A /* AppDelegate.swift in Sources */,
				A1280F3E1CD05A110012D0DB /* MaintenanceTableViewCell.swift in Sources */,
			);
			runOnlyForDeploymentPostprocessing = 0;
		};
/* End PBXSourcesBuildPhase section */

/* Begin PBXVariantGroup section */
		69CEEFD61CC996C3003C986A /* Main.storyboard */ = {
			isa = PBXVariantGroup;
			children = (
				69CEEFD71CC996C3003C986A /* Base */,
			);
			name = Main.storyboard;
			sourceTree = "<group>";
		};
		69CEEFDB1CC996C3003C986A /* LaunchScreen.storyboard */ = {
			isa = PBXVariantGroup;
			children = (
				69CEEFDC1CC996C3003C986A /* Base */,
			);
			name = LaunchScreen.storyboard;
			sourceTree = "<group>";
		};
/* End PBXVariantGroup section */

/* Begin XCBuildConfiguration section */
		69CEEFDF1CC996C3003C986A /* Debug */ = {
			isa = XCBuildConfiguration;
			buildSettings = {
				ALWAYS_SEARCH_USER_PATHS = NO;
				CLANG_CXX_LANGUAGE_STANDARD = "gnu++0x";
				CLANG_CXX_LIBRARY = "libc++";
				CLANG_ENABLE_MODULES = YES;
				CLANG_ENABLE_OBJC_ARC = YES;
				CLANG_WARN_BOOL_CONVERSION = YES;
				CLANG_WARN_CONSTANT_CONVERSION = YES;
				CLANG_WARN_DIRECT_OBJC_ISA_USAGE = YES_ERROR;
				CLANG_WARN_EMPTY_BODY = YES;
				CLANG_WARN_ENUM_CONVERSION = YES;
				CLANG_WARN_INT_CONVERSION = YES;
				CLANG_WARN_OBJC_ROOT_CLASS = YES_ERROR;
				CLANG_WARN_UNREACHABLE_CODE = YES;
				CLANG_WARN__DUPLICATE_METHOD_MATCH = YES;
				"CODE_SIGN_IDENTITY[sdk=iphoneos*]" = "iPhone Developer";
				COPY_PHASE_STRIP = NO;
				DEBUG_INFORMATION_FORMAT = dwarf;
				ENABLE_STRICT_OBJC_MSGSEND = YES;
				ENABLE_TESTABILITY = YES;
				GCC_C_LANGUAGE_STANDARD = gnu99;
				GCC_DYNAMIC_NO_PIC = NO;
				GCC_NO_COMMON_BLOCKS = YES;
				GCC_OPTIMIZATION_LEVEL = 0;
				GCC_PREPROCESSOR_DEFINITIONS = (
					"DEBUG=1",
					"$(inherited)",
				);
				GCC_WARN_64_TO_32_BIT_CONVERSION = YES;
				GCC_WARN_ABOUT_RETURN_TYPE = YES_ERROR;
				GCC_WARN_UNDECLARED_SELECTOR = YES;
				GCC_WARN_UNINITIALIZED_AUTOS = YES_AGGRESSIVE;
				GCC_WARN_UNUSED_FUNCTION = YES;
				GCC_WARN_UNUSED_VARIABLE = YES;
				IPHONEOS_DEPLOYMENT_TARGET = 9.2;
				MTL_ENABLE_DEBUG_INFO = YES;
				ONLY_ACTIVE_ARCH = YES;
				SDKROOT = iphoneos;
				SWIFT_OPTIMIZATION_LEVEL = "-Onone";
				TARGETED_DEVICE_FAMILY = "1,2";
			};
			name = Debug;
		};
		69CEEFE01CC996C3003C986A /* Release */ = {
			isa = XCBuildConfiguration;
			buildSettings = {
				ALWAYS_SEARCH_USER_PATHS = NO;
				CLANG_CXX_LANGUAGE_STANDARD = "gnu++0x";
				CLANG_CXX_LIBRARY = "libc++";
				CLANG_ENABLE_MODULES = YES;
				CLANG_ENABLE_OBJC_ARC = YES;
				CLANG_WARN_BOOL_CONVERSION = YES;
				CLANG_WARN_CONSTANT_CONVERSION = YES;
				CLANG_WARN_DIRECT_OBJC_ISA_USAGE = YES_ERROR;
				CLANG_WARN_EMPTY_BODY = YES;
				CLANG_WARN_ENUM_CONVERSION = YES;
				CLANG_WARN_INT_CONVERSION = YES;
				CLANG_WARN_OBJC_ROOT_CLASS = YES_ERROR;
				CLANG_WARN_UNREACHABLE_CODE = YES;
				CLANG_WARN__DUPLICATE_METHOD_MATCH = YES;
				"CODE_SIGN_IDENTITY[sdk=iphoneos*]" = "iPhone Developer";
				COPY_PHASE_STRIP = NO;
				DEBUG_INFORMATION_FORMAT = "dwarf-with-dsym";
				ENABLE_NS_ASSERTIONS = NO;
				ENABLE_STRICT_OBJC_MSGSEND = YES;
				GCC_C_LANGUAGE_STANDARD = gnu99;
				GCC_NO_COMMON_BLOCKS = YES;
				GCC_WARN_64_TO_32_BIT_CONVERSION = YES;
				GCC_WARN_ABOUT_RETURN_TYPE = YES_ERROR;
				GCC_WARN_UNDECLARED_SELECTOR = YES;
				GCC_WARN_UNINITIALIZED_AUTOS = YES_AGGRESSIVE;
				GCC_WARN_UNUSED_FUNCTION = YES;
				GCC_WARN_UNUSED_VARIABLE = YES;
				IPHONEOS_DEPLOYMENT_TARGET = 9.2;
				MTL_ENABLE_DEBUG_INFO = NO;
				SDKROOT = iphoneos;
				TARGETED_DEVICE_FAMILY = "1,2";
				VALIDATE_PRODUCT = YES;
			};
			name = Release;
		};
		69CEEFE21CC996C3003C986A /* Debug */ = {
			isa = XCBuildConfiguration;
			buildSettings = {
				ASSETCATALOG_COMPILER_APPICON_NAME = AppIcon;
				FRAMEWORK_SEARCH_PATHS = (
					"$(inherited)",
					"$(PROJECT_DIR)",
				);
				INFOPLIST_FILE = SmartStreetAdmin/Info.plist;
				LD_RUNPATH_SEARCH_PATHS = "$(inherited) @executable_path/Frameworks";
				PRODUCT_BUNDLE_IDENTIFIER = "Anhad-S-Bhasin.SmartStreetAdmin";
				PRODUCT_NAME = "$(TARGET_NAME)";
			};
			name = Debug;
		};
		69CEEFE31CC996C3003C986A /* Release */ = {
			isa = XCBuildConfiguration;
			buildSettings = {
				ASSETCATALOG_COMPILER_APPICON_NAME = AppIcon;
				FRAMEWORK_SEARCH_PATHS = (
					"$(inherited)",
					"$(PROJECT_DIR)",
				);
				INFOPLIST_FILE = SmartStreetAdmin/Info.plist;
				LD_RUNPATH_SEARCH_PATHS = "$(inherited) @executable_path/Frameworks";
				PRODUCT_BUNDLE_IDENTIFIER = "Anhad-S-Bhasin.SmartStreetAdmin";
				PRODUCT_NAME = "$(TARGET_NAME)";
			};
			name = Release;
		};
/* End XCBuildConfiguration section */

/* Begin XCConfigurationList section */
		69CEEFCA1CC996C3003C986A /* Build configuration list for PBXProject "SmartStreetAdmin" */ = {
			isa = XCConfigurationList;
			buildConfigurations = (
				69CEEFDF1CC996C3003C986A /* Debug */,
				69CEEFE01CC996C3003C986A /* Release */,
			);
			defaultConfigurationIsVisible = 0;
			defaultConfigurationName = Release;
		};
		69CEEFE11CC996C3003C986A /* Build configuration list for PBXNativeTarget "SmartStreetAdmin" */ = {
			isa = XCConfigurationList;
			buildConfigurations = (
				69CEEFE21CC996C3003C986A /* Debug */,
				69CEEFE31CC996C3003C986A /* Release */,
			);
			defaultConfigurationIsVisible = 0;
			defaultConfigurationName = Release;
		};
/* End XCConfigurationList section */
	};
	rootObject = 69CEEFC71CC996C3003C986A /* Project object */;
}
